// !$*UTF8*$!
{
	archiveVersion = 1;
	classes = {
	};
	objectVersion = 55;
	objects = {

/* Begin PBXBuildFile section */
		4A84EB5F288626480035A4EC /* FCMNotificationsHandler.swift in Sources */ = {isa = PBXBuildFile; fileRef = 4A84EB5E288626480035A4EC /* FCMNotificationsHandler.swift */; };
		4A84EB61288685110035A4EC /* ContactsModel.swift in Sources */ = {isa = PBXBuildFile; fileRef = 4A84EB60288685110035A4EC /* ContactsModel.swift */; };
		4A84EB632886ED2A0035A4EC /* ContentViewModel.swift in Sources */ = {isa = PBXBuildFile; fileRef = 4A84EB622886ED290035A4EC /* ContentViewModel.swift */; };
		4A84EB682886F4D30035A4EC /* ContactsModel.swift in Sources */ = {isa = PBXBuildFile; fileRef = 4A84EB60288685110035A4EC /* ContactsModel.swift */; };
		4A84EB692886F4D30035A4EC /* ContactsModel.swift in Sources */ = {isa = PBXBuildFile; fileRef = 4A84EB60288685110035A4EC /* ContactsModel.swift */; };
		4A84EB6D2886F50B0035A4EC /* ContactsCD.xcdatamodeld in Sources */ = {isa = PBXBuildFile; fileRef = 4A84EB6B2886F50B0035A4EC /* ContactsCD.xcdatamodeld */; };
		4A84EB6F2886F6D00035A4EC /* CoreDataManager.swift in Sources */ = {isa = PBXBuildFile; fileRef = 4A84EB6E2886F6D00035A4EC /* CoreDataManager.swift */; };
		4AABD7E42881745900694E8B /* FCMAppTutApp.swift in Sources */ = {isa = PBXBuildFile; fileRef = 4AABD7E32881745900694E8B /* FCMAppTutApp.swift */; };
		4AABD7E62881745900694E8B /* ContentView.swift in Sources */ = {isa = PBXBuildFile; fileRef = 4AABD7E52881745900694E8B /* ContentView.swift */; };
		4AABD7E82881745B00694E8B /* Assets.xcassets in Resources */ = {isa = PBXBuildFile; fileRef = 4AABD7E72881745B00694E8B /* Assets.xcassets */; };
		4AABD7EB2881745B00694E8B /* Preview Assets.xcassets in Resources */ = {isa = PBXBuildFile; fileRef = 4AABD7EA2881745B00694E8B /* Preview Assets.xcassets */; };
		4AABD7F52881745B00694E8B /* FCMAppTutTests.swift in Sources */ = {isa = PBXBuildFile; fileRef = 4AABD7F42881745B00694E8B /* FCMAppTutTests.swift */; };
		4AABD7FF2881745B00694E8B /* FCMAppTutUITests.swift in Sources */ = {isa = PBXBuildFile; fileRef = 4AABD7FE2881745B00694E8B /* FCMAppTutUITests.swift */; };
		4AABD8012881745B00694E8B /* FCMAppTutUITestsLaunchTests.swift in Sources */ = {isa = PBXBuildFile; fileRef = 4AABD8002881745B00694E8B /* FCMAppTutUITestsLaunchTests.swift */; };
		4AABD819288176E700694E8B /* FirebaseAnalytics in Frameworks */ = {isa = PBXBuildFile; productRef = 4AABD818288176E700694E8B /* FirebaseAnalytics */; };
		4AABD81B288176E700694E8B /* FirebaseMessaging in Frameworks */ = {isa = PBXBuildFile; productRef = 4AABD81A288176E700694E8B /* FirebaseMessaging */; };
		4AABD81D2881D44100694E8B /* AppDelegate.swift in Sources */ = {isa = PBXBuildFile; fileRef = 4AABD81C2881D44100694E8B /* AppDelegate.swift */; };
		4AABD8212881D79D00694E8B /* GoogleService-Info.plist in Resources */ = {isa = PBXBuildFile; fileRef = 4AABD8202881D79C00694E8B /* GoogleService-Info.plist */; };
		4AABD8222881D79D00694E8B /* GoogleService-Info.plist in Resources */ = {isa = PBXBuildFile; fileRef = 4AABD8202881D79C00694E8B /* GoogleService-Info.plist */; };
		4AABD8232881D79D00694E8B /* GoogleService-Info.plist in Resources */ = {isa = PBXBuildFile; fileRef = 4AABD8202881D79C00694E8B /* GoogleService-Info.plist */; };
		4AABD82728825A2E00694E8B /* FCMDecoders.swift in Sources */ = {isa = PBXBuildFile; fileRef = 4AABD82628825A2E00694E8B /* FCMDecoders.swift */; };
		4AABD82828825A2E00694E8B /* FCMDecoders.swift in Sources */ = {isa = PBXBuildFile; fileRef = 4AABD82628825A2E00694E8B /* FCMDecoders.swift */; };
		4AABD82928825A2E00694E8B /* FCMDecoders.swift in Sources */ = {isa = PBXBuildFile; fileRef = 4AABD82628825A2E00694E8B /* FCMDecoders.swift */; };
/* End PBXBuildFile section */

/* Begin PBXContainerItemProxy section */
		4AABD7F12881745B00694E8B /* PBXContainerItemProxy */ = {
			isa = PBXContainerItemProxy;
			containerPortal = 4AABD7D82881745900694E8B /* Project object */;
			proxyType = 1;
			remoteGlobalIDString = 4AABD7DF2881745900694E8B;
			remoteInfo = FCMAppTut;
		};
		4AABD7FB2881745B00694E8B /* PBXContainerItemProxy */ = {
			isa = PBXContainerItemProxy;
			containerPortal = 4AABD7D82881745900694E8B /* Project object */;
			proxyType = 1;
			remoteGlobalIDString = 4AABD7DF2881745900694E8B;
			remoteInfo = FCMAppTut;
		};
/* End PBXContainerItemProxy section */

/* Begin PBXFileReference section */
		4A84EB5E288626480035A4EC /* FCMNotificationsHandler.swift */ = {isa = PBXFileReference; lastKnownFileType = sourcecode.swift; path = FCMNotificationsHandler.swift; sourceTree = "<group>"; };
		4A84EB60288685110035A4EC /* ContactsModel.swift */ = {isa = PBXFileReference; lastKnownFileType = sourcecode.swift; path = ContactsModel.swift; sourceTree = "<group>"; };
		4A84EB622886ED290035A4EC /* ContentViewModel.swift */ = {isa = PBXFileReference; lastKnownFileType = sourcecode.swift; path = ContentViewModel.swift; sourceTree = "<group>"; };
		4A84EB6C2886F50B0035A4EC /* ContactsCD.xcdatamodel */ = {isa = PBXFileReference; lastKnownFileType = wrapper.xcdatamodel; path = ContactsCD.xcdatamodel; sourceTree = "<group>"; };
		4A84EB6E2886F6D00035A4EC /* CoreDataManager.swift */ = {isa = PBXFileReference; lastKnownFileType = sourcecode.swift; path = CoreDataManager.swift; sourceTree = "<group>"; };
		4AABD7E02881745900694E8B /* FCMAppTut.app */ = {isa = PBXFileReference; explicitFileType = wrapper.application; includeInIndex = 0; path = FCMAppTut.app; sourceTree = BUILT_PRODUCTS_DIR; };
		4AABD7E32881745900694E8B /* FCMAppTutApp.swift */ = {isa = PBXFileReference; lastKnownFileType = sourcecode.swift; path = FCMAppTutApp.swift; sourceTree = "<group>"; };
		4AABD7E52881745900694E8B /* ContentView.swift */ = {isa = PBXFileReference; lastKnownFileType = sourcecode.swift; path = ContentView.swift; sourceTree = "<group>"; };
		4AABD7E72881745B00694E8B /* Assets.xcassets */ = {isa = PBXFileReference; lastKnownFileType = folder.assetcatalog; path = Assets.xcassets; sourceTree = "<group>"; };
		4AABD7EA2881745B00694E8B /* Preview Assets.xcassets */ = {isa = PBXFileReference; lastKnownFileType = folder.assetcatalog; path = "Preview Assets.xcassets"; sourceTree = "<group>"; };
		4AABD7F02881745B00694E8B /* FCMAppTutTests.xctest */ = {isa = PBXFileReference; explicitFileType = wrapper.cfbundle; includeInIndex = 0; path = FCMAppTutTests.xctest; sourceTree = BUILT_PRODUCTS_DIR; };
		4AABD7F42881745B00694E8B /* FCMAppTutTests.swift */ = {isa = PBXFileReference; lastKnownFileType = sourcecode.swift; path = FCMAppTutTests.swift; sourceTree = "<group>"; };
		4AABD7FA2881745B00694E8B /* FCMAppTutUITests.xctest */ = {isa = PBXFileReference; explicitFileType = wrapper.cfbundle; includeInIndex = 0; path = FCMAppTutUITests.xctest; sourceTree = BUILT_PRODUCTS_DIR; };
		4AABD7FE2881745B00694E8B /* FCMAppTutUITests.swift */ = {isa = PBXFileReference; lastKnownFileType = sourcecode.swift; path = FCMAppTutUITests.swift; sourceTree = "<group>"; };
		4AABD8002881745B00694E8B /* FCMAppTutUITestsLaunchTests.swift */ = {isa = PBXFileReference; lastKnownFileType = sourcecode.swift; path = FCMAppTutUITestsLaunchTests.swift; sourceTree = "<group>"; };
		4AABD811288174EA00694E8B /* FCMAppTut.entitlements */ = {isa = PBXFileReference; lastKnownFileType = text.plist.entitlements; path = FCMAppTut.entitlements; sourceTree = "<group>"; };
		4AABD8162881764100694E8B /* Info.plist */ = {isa = PBXFileReference; lastKnownFileType = text.plist; path = Info.plist; sourceTree = "<group>"; };
		4AABD81C2881D44100694E8B /* AppDelegate.swift */ = {isa = PBXFileReference; lastKnownFileType = sourcecode.swift; path = AppDelegate.swift; sourceTree = "<group>"; };
		4AABD8202881D79C00694E8B /* GoogleService-Info.plist */ = {isa = PBXFileReference; fileEncoding = 4; lastKnownFileType = text.plist.xml; path = "GoogleService-Info.plist"; sourceTree = "<group>"; };
		4AABD82628825A2E00694E8B /* FCMDecoders.swift */ = {isa = PBXFileReference; lastKnownFileType = sourcecode.swift; path = FCMDecoders.swift; sourceTree = "<group>"; };
/* End PBXFileReference section */

/* Begin PBXFrameworksBuildPhase section */
		4AABD7DD2881745900694E8B /* Frameworks */ = {
			isa = PBXFrameworksBuildPhase;
			buildActionMask = 2147483647;
			files = (
				4AABD81B288176E700694E8B /* FirebaseMessaging in Frameworks */,
				4AABD819288176E700694E8B /* FirebaseAnalytics in Frameworks */,
			);
			runOnlyForDeploymentPostprocessing = 0;
		};
		4AABD7ED2881745B00694E8B /* Frameworks */ = {
			isa = PBXFrameworksBuildPhase;
			buildActionMask = 2147483647;
			files = (
			);
			runOnlyForDeploymentPostprocessing = 0;
		};
		4AABD7F72881745B00694E8B /* Frameworks */ = {
			isa = PBXFrameworksBuildPhase;
			buildActionMask = 2147483647;
			files = (
			);
			runOnlyForDeploymentPostprocessing = 0;
		};
/* End PBXFrameworksBuildPhase section */

/* Begin PBXGroup section */
		4A84EB642886F4650035A4EC /* Views */ = {
			isa = PBXGroup;
			children = (
				4AABD7E52881745900694E8B /* ContentView.swift */,
				4A84EB622886ED290035A4EC /* ContentViewModel.swift */,
			);
			path = Views;
			sourceTree = "<group>";
		};
		4A84EB652886F47D0035A4EC /* Models */ = {
			isa = PBXGroup;
			children = (
				4A84EB60288685110035A4EC /* ContactsModel.swift */,
				4AABD82628825A2E00694E8B /* FCMDecoders.swift */,
			);
			path = Models;
			sourceTree = "<group>";
		};
		4A84EB662886F48A0035A4EC /* Core Data */ = {
			isa = PBXGroup;
			children = (
				4A84EB6B2886F50B0035A4EC /* ContactsCD.xcdatamodeld */,
				4A84EB6E2886F6D00035A4EC /* CoreDataManager.swift */,
			);
			path = "Core Data";
			sourceTree = "<group>";
		};
		4A84EB672886F4AC0035A4EC /* Root */ = {
			isa = PBXGroup;
			children = (
				4AABD7E32881745900694E8B /* FCMAppTutApp.swift */,
				4AABD81C2881D44100694E8B /* AppDelegate.swift */,
			);
			path = Root;
			sourceTree = "<group>";
		};
		4A84EB6A2886F4DD0035A4EC /* FCM */ = {
			isa = PBXGroup;
			children = (
				4A84EB5E288626480035A4EC /* FCMNotificationsHandler.swift */,
			);
			path = FCM;
			sourceTree = "<group>";
		};
		4AABD7D72881745900694E8B = {
			isa = PBXGroup;
			children = (
				4AABD7E22881745900694E8B /* FCMAppTut */,
				4AABD7F32881745B00694E8B /* FCMAppTutTests */,
				4AABD7FD2881745B00694E8B /* FCMAppTutUITests */,
				4AABD7E12881745900694E8B /* Products */,
			);
			sourceTree = "<group>";
		};
		4AABD7E12881745900694E8B /* Products */ = {
			isa = PBXGroup;
			children = (
				4AABD7E02881745900694E8B /* FCMAppTut.app */,
				4AABD7F02881745B00694E8B /* FCMAppTutTests.xctest */,
				4AABD7FA2881745B00694E8B /* FCMAppTutUITests.xctest */,
			);
			name = Products;
			sourceTree = "<group>";
		};
		4AABD7E22881745900694E8B /* FCMAppTut */ = {
			isa = PBXGroup;
			children = (
				4A84EB6A2886F4DD0035A4EC /* FCM */,
				4A84EB672886F4AC0035A4EC /* Root */,
				4A84EB662886F48A0035A4EC /* Core Data */,
				4A84EB652886F47D0035A4EC /* Models */,
				4A84EB642886F4650035A4EC /* Views */,
				4AABD8202881D79C00694E8B /* GoogleService-Info.plist */,
				4AABD8162881764100694E8B /* Info.plist */,
				4AABD811288174EA00694E8B /* FCMAppTut.entitlements */,
				4AABD7E72881745B00694E8B /* Assets.xcassets */,
				4AABD7E92881745B00694E8B /* Preview Content */,
			);
			path = FCMAppTut;
			sourceTree = "<group>";
		};
		4AABD7E92881745B00694E8B /* Preview Content */ = {
			isa = PBXGroup;
			children = (
				4AABD7EA2881745B00694E8B /* Preview Assets.xcassets */,
			);
			path = "Preview Content";
			sourceTree = "<group>";
		};
		4AABD7F32881745B00694E8B /* FCMAppTutTests */ = {
			isa = PBXGroup;
			children = (
				4AABD7F42881745B00694E8B /* FCMAppTutTests.swift */,
			);
			path = FCMAppTutTests;
			sourceTree = "<group>";
		};
		4AABD7FD2881745B00694E8B /* FCMAppTutUITests */ = {
			isa = PBXGroup;
			children = (
				4AABD7FE2881745B00694E8B /* FCMAppTutUITests.swift */,
				4AABD8002881745B00694E8B /* FCMAppTutUITestsLaunchTests.swift */,
			);
			path = FCMAppTutUITests;
			sourceTree = "<group>";
		};
/* End PBXGroup section */

/* Begin PBXNativeTarget section */
		4AABD7DF2881745900694E8B /* FCMAppTut */ = {
			isa = PBXNativeTarget;
			buildConfigurationList = 4AABD8042881745B00694E8B /* Build configuration list for PBXNativeTarget "FCMAppTut" */;
			buildPhases = (
				4AABD7DC2881745900694E8B /* Sources */,
				4AABD7DD2881745900694E8B /* Frameworks */,
				4AABD7DE2881745900694E8B /* Resources */,
			);
			buildRules = (
			);
			dependencies = (
			);
			name = FCMAppTut;
			packageProductDependencies = (
				4AABD818288176E700694E8B /* FirebaseAnalytics */,
				4AABD81A288176E700694E8B /* FirebaseMessaging */,
			);
			productName = FCMAppTut;
			productReference = 4AABD7E02881745900694E8B /* FCMAppTut.app */;
			productType = "com.apple.product-type.application";
		};
		4AABD7EF2881745B00694E8B /* FCMAppTutTests */ = {
			isa = PBXNativeTarget;
			buildConfigurationList = 4AABD8072881745B00694E8B /* Build configuration list for PBXNativeTarget "FCMAppTutTests" */;
			buildPhases = (
				4AABD7EC2881745B00694E8B /* Sources */,
				4AABD7ED2881745B00694E8B /* Frameworks */,
				4AABD7EE2881745B00694E8B /* Resources */,
			);
			buildRules = (
			);
			dependencies = (
				4AABD7F22881745B00694E8B /* PBXTargetDependency */,
			);
			name = FCMAppTutTests;
			productName = FCMAppTutTests;
			productReference = 4AABD7F02881745B00694E8B /* FCMAppTutTests.xctest */;
			productType = "com.apple.product-type.bundle.unit-test";
		};
		4AABD7F92881745B00694E8B /* FCMAppTutUITests */ = {
			isa = PBXNativeTarget;
			buildConfigurationList = 4AABD80A2881745B00694E8B /* Build configuration list for PBXNativeTarget "FCMAppTutUITests" */;
			buildPhases = (
				4AABD7F62881745B00694E8B /* Sources */,
				4AABD7F72881745B00694E8B /* Frameworks */,
				4AABD7F82881745B00694E8B /* Resources */,
			);
			buildRules = (
			);
			dependencies = (
				4AABD7FC2881745B00694E8B /* PBXTargetDependency */,
			);
			name = FCMAppTutUITests;
			productName = FCMAppTutUITests;
			productReference = 4AABD7FA2881745B00694E8B /* FCMAppTutUITests.xctest */;
			productType = "com.apple.product-type.bundle.ui-testing";
		};
/* End PBXNativeTarget section */

/* Begin PBXProject section */
		4AABD7D82881745900694E8B /* Project object */ = {
			isa = PBXProject;
			attributes = {
				BuildIndependentTargetsInParallel = 1;
				LastSwiftUpdateCheck = 1340;
				LastUpgradeCheck = 1340;
				TargetAttributes = {
					4AABD7DF2881745900694E8B = {
						CreatedOnToolsVersion = 13.4.1;
					};
					4AABD7EF2881745B00694E8B = {
						CreatedOnToolsVersion = 13.4.1;
						TestTargetID = 4AABD7DF2881745900694E8B;
					};
					4AABD7F92881745B00694E8B = {
						CreatedOnToolsVersion = 13.4.1;
						TestTargetID = 4AABD7DF2881745900694E8B;
					};
				};
			};
			buildConfigurationList = 4AABD7DB2881745900694E8B /* Build configuration list for PBXProject "FCMAppTut" */;
			compatibilityVersion = "Xcode 13.0";
			developmentRegion = en;
			hasScannedForEncodings = 0;
			knownRegions = (
				en,
				Base,
			);
			mainGroup = 4AABD7D72881745900694E8B;
			packageReferences = (
				4AABD817288176E600694E8B /* XCRemoteSwiftPackageReference "firebase-ios-sdk" */,
			);
			productRefGroup = 4AABD7E12881745900694E8B /* Products */;
			projectDirPath = "";
			projectRoot = "";
			targets = (
				4AABD7DF2881745900694E8B /* FCMAppTut */,
				4AABD7EF2881745B00694E8B /* FCMAppTutTests */,
				4AABD7F92881745B00694E8B /* FCMAppTutUITests */,
			);
		};
/* End PBXProject section */

/* Begin PBXResourcesBuildPhase section */
		4AABD7DE2881745900694E8B /* Resources */ = {
			isa = PBXResourcesBuildPhase;
			buildActionMask = 2147483647;
			files = (
				4AABD7EB2881745B00694E8B /* Preview Assets.xcassets in Resources */,
				4AABD7E82881745B00694E8B /* Assets.xcassets in Resources */,
				4AABD8212881D79D00694E8B /* GoogleService-Info.plist in Resources */,
			);
			runOnlyForDeploymentPostprocessing = 0;
		};
		4AABD7EE2881745B00694E8B /* Resources */ = {
			isa = PBXResourcesBuildPhase;
			buildActionMask = 2147483647;
			files = (
				4AABD8222881D79D00694E8B /* GoogleService-Info.plist in Resources */,
			);
			runOnlyForDeploymentPostprocessing = 0;
		};
		4AABD7F82881745B00694E8B /* Resources */ = {
			isa = PBXResourcesBuildPhase;
			buildActionMask = 2147483647;
			files = (
				4AABD8232881D79D00694E8B /* GoogleService-Info.plist in Resources */,
			);
			runOnlyForDeploymentPostprocessing = 0;
		};
/* End PBXResourcesBuildPhase section */

/* Begin PBXSourcesBuildPhase section */
		4AABD7DC2881745900694E8B /* Sources */ = {
			isa = PBXSourcesBuildPhase;
			buildActionMask = 2147483647;
			files = (
				4AABD81D2881D44100694E8B /* AppDelegate.swift in Sources */,
				4AABD7E62881745900694E8B /* ContentView.swift in Sources */,
				4AABD7E42881745900694E8B /* FCMAppTutApp.swift in Sources */,
				4AABD82728825A2E00694E8B /* FCMDecoders.swift in Sources */,
				4A84EB61288685110035A4EC /* ContactsModel.swift in Sources */,
				4A84EB6D2886F50B0035A4EC /* ContactsCD.xcdatamodeld in Sources */,
				4A84EB6F2886F6D00035A4EC /* CoreDataManager.swift in Sources */,
				4A84EB5F288626480035A4EC /* FCMNotificationsHandler.swift in Sources */,
				4A84EB632886ED2A0035A4EC /* ContentViewModel.swift in Sources */,
			);
			runOnlyForDeploymentPostprocessing = 0;
		};
		4AABD7EC2881745B00694E8B /* Sources */ = {
			isa = PBXSourcesBuildPhase;
			buildActionMask = 2147483647;
			files = (
				4AABD82828825A2E00694E8B /* FCMDecoders.swift in Sources */,
				4A84EB682886F4D30035A4EC /* ContactsModel.swift in Sources */,
				4AABD7F52881745B00694E8B /* FCMAppTutTests.swift in Sources */,
			);
			runOnlyForDeploymentPostprocessing = 0;
		};
		4AABD7F62881745B00694E8B /* Sources */ = {
			isa = PBXSourcesBuildPhase;
			buildActionMask = 2147483647;
			files = (
				4AABD7FF2881745B00694E8B /* FCMAppTutUITests.swift in Sources */,
				4AABD8012881745B00694E8B /* FCMAppTutUITestsLaunchTests.swift in Sources */,
				4A84EB692886F4D30035A4EC /* ContactsModel.swift in Sources */,
				4AABD82928825A2E00694E8B /* FCMDecoders.swift in Sources */,
			);
			runOnlyForDeploymentPostprocessing = 0;
		};
/* End PBXSourcesBuildPhase section */

/* Begin PBXTargetDependency section */
		4AABD7F22881745B00694E8B /* PBXTargetDependency */ = {
			isa = PBXTargetDependency;
			target = 4AABD7DF2881745900694E8B /* FCMAppTut */;
			targetProxy = 4AABD7F12881745B00694E8B /* PBXContainerItemProxy */;
		};
		4AABD7FC2881745B00694E8B /* PBXTargetDependency */ = {
			isa = PBXTargetDependency;
			target = 4AABD7DF2881745900694E8B /* FCMAppTut */;
			targetProxy = 4AABD7FB2881745B00694E8B /* PBXContainerItemProxy */;
		};
/* End PBXTargetDependency section */

/* Begin XCBuildConfiguration section */
		4AABD8022881745B00694E8B /* Debug */ = {
			isa = XCBuildConfiguration;
			buildSettings = {
				ALWAYS_SEARCH_USER_PATHS = NO;
				CLANG_ANALYZER_NONNULL = YES;
				CLANG_ANALYZER_NUMBER_OBJECT_CONVERSION = YES_AGGRESSIVE;
				CLANG_CXX_LANGUAGE_STANDARD = "gnu++17";
				CLANG_ENABLE_MODULES = YES;
				CLANG_ENABLE_OBJC_ARC = YES;
				CLANG_ENABLE_OBJC_WEAK = YES;
				CLANG_WARN_BLOCK_CAPTURE_AUTORELEASING = YES;
				CLANG_WARN_BOOL_CONVERSION = YES;
				CLANG_WARN_COMMA = YES;
				CLANG_WARN_CONSTANT_CONVERSION = YES;
				CLANG_WARN_DEPRECATED_OBJC_IMPLEMENTATIONS = YES;
				CLANG_WARN_DIRECT_OBJC_ISA_USAGE = YES_ERROR;
				CLANG_WARN_DOCUMENTATION_COMMENTS = YES;
				CLANG_WARN_EMPTY_BODY = YES;
				CLANG_WARN_ENUM_CONVERSION = YES;
				CLANG_WARN_INFINITE_RECURSION = YES;
				CLANG_WARN_INT_CONVERSION = YES;
				CLANG_WARN_NON_LITERAL_NULL_CONVERSION = YES;
				CLANG_WARN_OBJC_IMPLICIT_RETAIN_SELF = YES;
				CLANG_WARN_OBJC_LITERAL_CONVERSION = YES;
				CLANG_WARN_OBJC_ROOT_CLASS = YES_ERROR;
				CLANG_WARN_QUOTED_INCLUDE_IN_FRAMEWORK_HEADER = YES;
				CLANG_WARN_RANGE_LOOP_ANALYSIS = YES;
				CLANG_WARN_STRICT_PROTOTYPES = YES;
				CLANG_WARN_SUSPICIOUS_MOVE = YES;
				CLANG_WARN_UNGUARDED_AVAILABILITY = YES_AGGRESSIVE;
				CLANG_WARN_UNREACHABLE_CODE = YES;
				CLANG_WARN__DUPLICATE_METHOD_MATCH = YES;
				COPY_PHASE_STRIP = NO;
				DEBUG_INFORMATION_FORMAT = dwarf;
				ENABLE_STRICT_OBJC_MSGSEND = YES;
				ENABLE_TESTABILITY = YES;
				GCC_C_LANGUAGE_STANDARD = gnu11;
				GCC_DYNAMIC_NO_PIC = NO;
				GCC_NO_COMMON_BLOCKS = YES;
				GCC_OPTIMIZATION_LEVEL = 0;
				GCC_PREPROCESSOR_DEFINITIONS = (
					"DEBUG=1",
					"$(inherited)",
				);
				GCC_WARN_64_TO_32_BIT_CONVERSION = YES;
				GCC_WARN_ABOUT_RETURN_TYPE = YES_ERROR;
				GCC_WARN_UNDECLARED_SELECTOR = YES;
				GCC_WARN_UNINITIALIZED_AUTOS = YES_AGGRESSIVE;
				GCC_WARN_UNUSED_FUNCTION = YES;
				GCC_WARN_UNUSED_VARIABLE = YES;
				IPHONEOS_DEPLOYMENT_TARGET = 15.5;
				MTL_ENABLE_DEBUG_INFO = INCLUDE_SOURCE;
				MTL_FAST_MATH = YES;
				ONLY_ACTIVE_ARCH = YES;
				SDKROOT = iphoneos;
				SWIFT_ACTIVE_COMPILATION_CONDITIONS = DEBUG;
				SWIFT_OPTIMIZATION_LEVEL = "-Onone";
			};
			name = Debug;
		};
		4AABD8032881745B00694E8B /* Release */ = {
			isa = XCBuildConfiguration;
			buildSettings = {
				ALWAYS_SEARCH_USER_PATHS = NO;
				CLANG_ANALYZER_NONNULL = YES;
				CLANG_ANALYZER_NUMBER_OBJECT_CONVERSION = YES_AGGRESSIVE;
				CLANG_CXX_LANGUAGE_STANDARD = "gnu++17";
				CLANG_ENABLE_MODULES = YES;
				CLANG_ENABLE_OBJC_ARC = YES;
				CLANG_ENABLE_OBJC_WEAK = YES;
				CLANG_WARN_BLOCK_CAPTURE_AUTORELEASING = YES;
				CLANG_WARN_BOOL_CONVERSION = YES;
				CLANG_WARN_COMMA = YES;
				CLANG_WARN_CONSTANT_CONVERSION = YES;
				CLANG_WARN_DEPRECATED_OBJC_IMPLEMENTATIONS = YES;
				CLANG_WARN_DIRECT_OBJC_ISA_USAGE = YES_ERROR;
				CLANG_WARN_DOCUMENTATION_COMMENTS = YES;
				CLANG_WARN_EMPTY_BODY = YES;
				CLANG_WARN_ENUM_CONVERSION = YES;
				CLANG_WARN_INFINITE_RECURSION = YES;
				CLANG_WARN_INT_CONVERSION = YES;
				CLANG_WARN_NON_LITERAL_NULL_CONVERSION = YES;
				CLANG_WARN_OBJC_IMPLICIT_RETAIN_SELF = YES;
				CLANG_WARN_OBJC_LITERAL_CONVERSION = YES;
				CLANG_WARN_OBJC_ROOT_CLASS = YES_ERROR;
				CLANG_WARN_QUOTED_INCLUDE_IN_FRAMEWORK_HEADER = YES;
				CLANG_WARN_RANGE_LOOP_ANALYSIS = YES;
				CLANG_WARN_STRICT_PROTOTYPES = YES;
				CLANG_WARN_SUSPICIOUS_MOVE = YES;
				CLANG_WARN_UNGUARDED_AVAILABILITY = YES_AGGRESSIVE;
				CLANG_WARN_UNREACHABLE_CODE = YES;
				CLANG_WARN__DUPLICATE_METHOD_MATCH = YES;
				COPY_PHASE_STRIP = NO;
				DEBUG_INFORMATION_FORMAT = "dwarf-with-dsym";
				ENABLE_NS_ASSERTIONS = NO;
				ENABLE_STRICT_OBJC_MSGSEND = YES;
				GCC_C_LANGUAGE_STANDARD = gnu11;
				GCC_NO_COMMON_BLOCKS = YES;
				GCC_WARN_64_TO_32_BIT_CONVERSION = YES;
				GCC_WARN_ABOUT_RETURN_TYPE = YES_ERROR;
				GCC_WARN_UNDECLARED_SELECTOR = YES;
				GCC_WARN_UNINITIALIZED_AUTOS = YES_AGGRESSIVE;
				GCC_WARN_UNUSED_FUNCTION = YES;
				GCC_WARN_UNUSED_VARIABLE = YES;
				IPHONEOS_DEPLOYMENT_TARGET = 15.5;
				MTL_ENABLE_DEBUG_INFO = NO;
				MTL_FAST_MATH = YES;
				SDKROOT = iphoneos;
				SWIFT_COMPILATION_MODE = wholemodule;
				SWIFT_OPTIMIZATION_LEVEL = "-O";
				VALIDATE_PRODUCT = YES;
			};
			name = Release;
		};
		4AABD8052881745B00694E8B /* Debug */ = {
			isa = XCBuildConfiguration;
			buildSettings = {
				ASSETCATALOG_COMPILER_APPICON_NAME = AppIcon;
				ASSETCATALOG_COMPILER_GLOBAL_ACCENT_COLOR_NAME = AccentColor;
				CODE_SIGN_ENTITLEMENTS = FCMAppTut/FCMAppTut.entitlements;
				CODE_SIGN_STYLE = Automatic;
				CURRENT_PROJECT_VERSION = 1;
				DEVELOPMENT_ASSET_PATHS = "\"FCMAppTut/Preview Content\"";
				DEVELOPMENT_TEAM = U8SLN7SHHG;
				ENABLE_PREVIEWS = YES;
				GENERATE_INFOPLIST_FILE = YES;
				INFOPLIST_FILE = FCMAppTut/Info.plist;
				INFOPLIST_KEY_UIApplicationSceneManifest_Generation = YES;
				INFOPLIST_KEY_UIApplicationSupportsIndirectInputEvents = YES;
				INFOPLIST_KEY_UILaunchScreen_Generation = YES;
				INFOPLIST_KEY_UISupportedInterfaceOrientations_iPad = "UIInterfaceOrientationPortrait UIInterfaceOrientationPortraitUpsideDown UIInterfaceOrientationLandscapeLeft UIInterfaceOrientationLandscapeRight";
				INFOPLIST_KEY_UISupportedInterfaceOrientations_iPhone = "UIInterfaceOrientationPortrait UIInterfaceOrientationLandscapeLeft UIInterfaceOrientationLandscapeRight";
				LD_RUNPATH_SEARCH_PATHS = (
					"$(inherited)",
					"@executable_path/Frameworks",
				);
				MARKETING_VERSION = 1.0;
				PRODUCT_BUNDLE_IDENTIFIER = com.travsim.FCMAppTut;
				PRODUCT_NAME = "$(TARGET_NAME)";
				SWIFT_EMIT_LOC_STRINGS = YES;
				SWIFT_VERSION = 5.0;
				TARGETED_DEVICE_FAMILY = "1,2";
			};
			name = Debug;
		};
		4AABD8062881745B00694E8B /* Release */ = {
			isa = XCBuildConfiguration;
			buildSettings = {
				ASSETCATALOG_COMPILER_APPICON_NAME = AppIcon;
				ASSETCATALOG_COMPILER_GLOBAL_ACCENT_COLOR_NAME = AccentColor;
				CODE_SIGN_ENTITLEMENTS = FCMAppTut/FCMAppTut.entitlements;
				CODE_SIGN_STYLE = Automatic;
				CURRENT_PROJECT_VERSION = 1;
				DEVELOPMENT_ASSET_PATHS = "\"FCMAppTut/Preview Content\"";
				DEVELOPMENT_TEAM = U8SLN7SHHG;
				ENABLE_PREVIEWS = YES;
				GENERATE_INFOPLIST_FILE = YES;
				INFOPLIST_FILE = FCMAppTut/Info.plist;
				INFOPLIST_KEY_UIApplicationSceneManifest_Generation = YES;
				INFOPLIST_KEY_UIApplicationSupportsIndirectInputEvents = YES;
				INFOPLIST_KEY_UILaunchScreen_Generation = YES;
				INFOPLIST_KEY_UISupportedInterfaceOrientations_iPad = "UIInterfaceOrientationPortrait UIInterfaceOrientationPortraitUpsideDown UIInterfaceOrientationLandscapeLeft UIInterfaceOrientationLandscapeRight";
				INFOPLIST_KEY_UISupportedInterfaceOrientations_iPhone = "UIInterfaceOrientationPortrait UIInterfaceOrientationLandscapeLeft UIInterfaceOrientationLandscapeRight";
				LD_RUNPATH_SEARCH_PATHS = (
					"$(inherited)",
					"@executable_path/Frameworks",
				);
				MARKETING_VERSION = 1.0;
				PRODUCT_BUNDLE_IDENTIFIER = com.travsim.FCMAppTut;
				PRODUCT_NAME = "$(TARGET_NAME)";
				SWIFT_EMIT_LOC_STRINGS = YES;
				SWIFT_VERSION = 5.0;
				TARGETED_DEVICE_FAMILY = "1,2";
			};
			name = Release;
		};
		4AABD8082881745B00694E8B /* Debug */ = {
			isa = XCBuildConfiguration;
			buildSettings = {
				ALWAYS_EMBED_SWIFT_STANDARD_LIBRARIES = YES;
				BUNDLE_LOADER = "$(TEST_HOST)";
				CODE_SIGN_STYLE = Automatic;
				CURRENT_PROJECT_VERSION = 1;
				DEVELOPMENT_TEAM = U8SLN7SHHG;
				GENERATE_INFOPLIST_FILE = YES;
				IPHONEOS_DEPLOYMENT_TARGET = 15.5;
				MARKETING_VERSION = 1.0;
				PRODUCT_BUNDLE_IDENTIFIER = com.dubebytes.FCMAppTutTests;
				PRODUCT_NAME = "$(TARGET_NAME)";
				SWIFT_EMIT_LOC_STRINGS = NO;
				SWIFT_VERSION = 5.0;
				TARGETED_DEVICE_FAMILY = "1,2";
				TEST_HOST = "$(BUILT_PRODUCTS_DIR)/FCMAppTut.app/FCMAppTut";
			};
			name = Debug;
		};
		4AABD8092881745B00694E8B /* Release */ = {
			isa = XCBuildConfiguration;
			buildSettings = {
				ALWAYS_EMBED_SWIFT_STANDARD_LIBRARIES = YES;
				BUNDLE_LOADER = "$(TEST_HOST)";
				CODE_SIGN_STYLE = Automatic;
				CURRENT_PROJECT_VERSION = 1;
				DEVELOPMENT_TEAM = U8SLN7SHHG;
				GENERATE_INFOPLIST_FILE = YES;
				IPHONEOS_DEPLOYMENT_TARGET = 15.5;
				MARKETING_VERSION = 1.0;
				PRODUCT_BUNDLE_IDENTIFIER = com.dubebytes.FCMAppTutTests;
				PRODUCT_NAME = "$(TARGET_NAME)";
				SWIFT_EMIT_LOC_STRINGS = NO;
				SWIFT_VERSION = 5.0;
				TARGETED_DEVICE_FAMILY = "1,2";
				TEST_HOST = "$(BUILT_PRODUCTS_DIR)/FCMAppTut.app/FCMAppTut";
			};
			name = Release;
		};
		4AABD80B2881745B00694E8B /* Debug */ = {
			isa = XCBuildConfiguration;
			buildSettings = {
				ALWAYS_EMBED_SWIFT_STANDARD_LIBRARIES = YES;
				CODE_SIGN_STYLE = Automatic;
				CURRENT_PROJECT_VERSION = 1;
				DEVELOPMENT_TEAM = U8SLN7SHHG;
				GENERATE_INFOPLIST_FILE = YES;
				MARKETING_VERSION = 1.0;
				PRODUCT_BUNDLE_IDENTIFIER = com.dubebytes.FCMAppTutUITests;
				PRODUCT_NAME = "$(TARGET_NAME)";
				SWIFT_EMIT_LOC_STRINGS = NO;
				SWIFT_VERSION = 5.0;
				TARGETED_DEVICE_FAMILY = "1,2";
				TEST_TARGET_NAME = FCMAppTut;
			};
			name = Debug;
		};
		4AABD80C2881745B00694E8B /* Release */ = {
			isa = XCBuildConfiguration;
			buildSettings = {
				ALWAYS_EMBED_SWIFT_STANDARD_LIBRARIES = YES;
				CODE_SIGN_STYLE = Automatic;
				CURRENT_PROJECT_VERSION = 1;
				DEVELOPMENT_TEAM = U8SLN7SHHG;
				GENERATE_INFOPLIST_FILE = YES;
				MARKETING_VERSION = 1.0;
				PRODUCT_BUNDLE_IDENTIFIER = com.dubebytes.FCMAppTutUITests;
				PRODUCT_NAME = "$(TARGET_NAME)";
				SWIFT_EMIT_LOC_STRINGS = NO;
				SWIFT_VERSION = 5.0;
				TARGETED_DEVICE_FAMILY = "1,2";
				TEST_TARGET_NAME = FCMAppTut;
			};
			name = Release;
		};
/* End XCBuildConfiguration section */

/* Begin XCConfigurationList section */
		4AABD7DB2881745900694E8B /* Build configuration list for PBXProject "FCMAppTut" */ = {
			isa = XCConfigurationList;
			buildConfigurations = (
				4AABD8022881745B00694E8B /* Debug */,
				4AABD8032881745B00694E8B /* Release */,
			);
			defaultConfigurationIsVisible = 0;
			defaultConfigurationName = Release;
		};
		4AABD8042881745B00694E8B /* Build configuration list for PBXNativeTarget "FCMAppTut" */ = {
			isa = XCConfigurationList;
			buildConfigurations = (
				4AABD8052881745B00694E8B /* Debug */,
				4AABD8062881745B00694E8B /* Release */,
			);
			defaultConfigurationIsVisible = 0;
			defaultConfigurationName = Release;
		};
		4AABD8072881745B00694E8B /* Build configuration list for PBXNativeTarget "FCMAppTutTests" */ = {
			isa = XCConfigurationList;
			buildConfigurations = (
				4AABD8082881745B00694E8B /* Debug */,
				4AABD8092881745B00694E8B /* Release */,
			);
			defaultConfigurationIsVisible = 0;
			defaultConfigurationName = Release;
		};
		4AABD80A2881745B00694E8B /* Build configuration list for PBXNativeTarget "FCMAppTutUITests" */ = {
			isa = XCConfigurationList;
			buildConfigurations = (
				4AABD80B2881745B00694E8B /* Debug */,
				4AABD80C2881745B00694E8B /* Release */,
			);
			defaultConfigurationIsVisible = 0;
			defaultConfigurationName = Release;
		};
/* End XCConfigurationList section */

/* Begin XCRemoteSwiftPackageReference section */
		4AABD817288176E600694E8B /* XCRemoteSwiftPackageReference "firebase-ios-sdk" */ = {
			isa = XCRemoteSwiftPackageReference;
			repositoryURL = "https://github.com/firebase/firebase-ios-sdk";
			requirement = {
				branch = master;
				kind = branch;
			};
		};
/* End XCRemoteSwiftPackageReference section */

/* Begin XCSwiftPackageProductDependency section */
		4AABD818288176E700694E8B /* FirebaseAnalytics */ = {
			isa = XCSwiftPackageProductDependency;
			package = 4AABD817288176E600694E8B /* XCRemoteSwiftPackageReference "firebase-ios-sdk" */;
			productName = FirebaseAnalytics;
		};
		4AABD81A288176E700694E8B /* FirebaseMessaging */ = {
			isa = XCSwiftPackageProductDependency;
			package = 4AABD817288176E600694E8B /* XCRemoteSwiftPackageReference "firebase-ios-sdk" */;
			productName = FirebaseMessaging;
		};
/* End XCSwiftPackageProductDependency section */

/* Begin XCVersionGroup section */
		4A84EB6B2886F50B0035A4EC /* ContactsCD.xcdatamodeld */ = {
			isa = XCVersionGroup;
			children = (
				4A84EB6C2886F50B0035A4EC /* ContactsCD.xcdatamodel */,
			);
			currentVersion = 4A84EB6C2886F50B0035A4EC /* ContactsCD.xcdatamodel */;
			path = ContactsCD.xcdatamodeld;
			sourceTree = "<group>";
			versionGroupType = wrapper.xcdatamodel;
		};
/* End XCVersionGroup section */
	};
	rootObject = 4AABD7D82881745900694E8B /* Project object */;
}
